// !$*UTF8*$!
{
	archiveVersion = 1;
	classes = {
	};
	objectVersion = 46;
	objects = {

/* Begin PBXBuildFile section */
		447D079519B070EA002F6E7A /* Foundation.framework in Frameworks */ = {isa = PBXBuildFile; fileRef = 447D079419B070EA002F6E7A /* Foundation.framework */; };
		447D079719B070EA002F6E7A /* CoreGraphics.framework in Frameworks */ = {isa = PBXBuildFile; fileRef = 447D079619B070EA002F6E7A /* CoreGraphics.framework */; };
		447D079919B070EA002F6E7A /* UIKit.framework in Frameworks */ = {isa = PBXBuildFile; fileRef = 447D079819B070EA002F6E7A /* UIKit.framework */; };
		447D079F19B070EA002F6E7A /* InfoPlist.strings in Resources */ = {isa = PBXBuildFile; fileRef = 447D079D19B070EA002F6E7A /* InfoPlist.strings */; };
		447D07A119B070EA002F6E7A /* main.m in Sources */ = {isa = PBXBuildFile; fileRef = 447D07A019B070EA002F6E7A /* main.m */; };
		447D07A519B070EA002F6E7A /* HYPAppDelegate.m in Sources */ = {isa = PBXBuildFile; fileRef = 447D07A419B070EA002F6E7A /* HYPAppDelegate.m */; };
		447D07A819B070EA002F6E7A /* Main.storyboard in Resources */ = {isa = PBXBuildFile; fileRef = 447D07A619B070EA002F6E7A /* Main.storyboard */; };
		447D07AB19B070EA002F6E7A /* HYPViewController.m in Sources */ = {isa = PBXBuildFile; fileRef = 447D07AA19B070EA002F6E7A /* HYPViewController.m */; };
		447D07AD19B070EA002F6E7A /* Images.xcassets in Resources */ = {isa = PBXBuildFile; fileRef = 447D07AC19B070EA002F6E7A /* Images.xcassets */; };
		447D07B419B070EA002F6E7A /* XCTest.framework in Frameworks */ = {isa = PBXBuildFile; fileRef = 447D07B319B070EA002F6E7A /* XCTest.framework */; };
		447D07B519B070EA002F6E7A /* Foundation.framework in Frameworks */ = {isa = PBXBuildFile; fileRef = 447D079419B070EA002F6E7A /* Foundation.framework */; };
		447D07B619B070EA002F6E7A /* UIKit.framework in Frameworks */ = {isa = PBXBuildFile; fileRef = 447D079819B070EA002F6E7A /* UIKit.framework */; };
		447D07BE19B070EA002F6E7A /* InfoPlist.strings in Resources */ = {isa = PBXBuildFile; fileRef = 447D07BC19B070EA002F6E7A /* InfoPlist.strings */; };
		447D07C019B070EA002F6E7A /* DemoTests.m in Sources */ = {isa = PBXBuildFile; fileRef = 447D07BF19B070EA002F6E7A /* DemoTests.m */; };
		447D07CC19B07104002F6E7A /* UIViewController+HYPContainer.m in Sources */ = {isa = PBXBuildFile; fileRef = 447D07CB19B07104002F6E7A /* UIViewController+HYPContainer.m */; };
/* End PBXBuildFile section */

/* Begin PBXContainerItemProxy section */
		447D07B719B070EA002F6E7A /* PBXContainerItemProxy */ = {
			isa = PBXContainerItemProxy;
			containerPortal = 447D078919B070EA002F6E7A /* Project object */;
			proxyType = 1;
			remoteGlobalIDString = 447D079019B070EA002F6E7A;
			remoteInfo = Demo;
		};
/* End PBXContainerItemProxy section */

/* Begin PBXFileReference section */
		447D079119B070EA002F6E7A /* Demo.app */ = {isa = PBXFileReference; explicitFileType = wrapper.application; includeInIndex = 0; path = Demo.app; sourceTree = BUILT_PRODUCTS_DIR; };
		447D079419B070EA002F6E7A /* Foundation.framework */ = {isa = PBXFileReference; lastKnownFileType = wrapper.framework; name = Foundation.framework; path = System/Library/Frameworks/Foundation.framework; sourceTree = SDKROOT; };
		447D079619B070EA002F6E7A /* CoreGraphics.framework */ = {isa = PBXFileReference; lastKnownFileType = wrapper.framework; name = CoreGraphics.framework; path = System/Library/Frameworks/CoreGraphics.framework; sourceTree = SDKROOT; };
		447D079819B070EA002F6E7A /* UIKit.framework */ = {isa = PBXFileReference; lastKnownFileType = wrapper.framework; name = UIKit.framework; path = System/Library/Frameworks/UIKit.framework; sourceTree = SDKROOT; };
		447D079C19B070EA002F6E7A /* Demo-Info.plist */ = {isa = PBXFileReference; lastKnownFileType = text.plist.xml; path = "Demo-Info.plist"; sourceTree = "<group>"; };
		447D079E19B070EA002F6E7A /* en */ = {isa = PBXFileReference; lastKnownFileType = text.plist.strings; name = en; path = en.lproj/InfoPlist.strings; sourceTree = "<group>"; };
		447D07A019B070EA002F6E7A /* main.m */ = {isa = PBXFileReference; lastKnownFileType = sourcecode.c.objc; path = main.m; sourceTree = "<group>"; };
		447D07A219B070EA002F6E7A /* Demo-Prefix.pch */ = {isa = PBXFileReference; lastKnownFileType = sourcecode.c.h; path = "Demo-Prefix.pch"; sourceTree = "<group>"; };
		447D07A319B070EA002F6E7A /* HYPAppDelegate.h */ = {isa = PBXFileReference; lastKnownFileType = sourcecode.c.h; path = HYPAppDelegate.h; sourceTree = "<group>"; };
		447D07A419B070EA002F6E7A /* HYPAppDelegate.m */ = {isa = PBXFileReference; lastKnownFileType = sourcecode.c.objc; path = HYPAppDelegate.m; sourceTree = "<group>"; };
		447D07A719B070EA002F6E7A /* Base */ = {isa = PBXFileReference; lastKnownFileType = file.storyboard; name = Base; path = Base.lproj/Main.storyboard; sourceTree = "<group>"; };
		447D07A919B070EA002F6E7A /* HYPViewController.h */ = {isa = PBXFileReference; lastKnownFileType = sourcecode.c.h; path = HYPViewController.h; sourceTree = "<group>"; };
		447D07AA19B070EA002F6E7A /* HYPViewController.m */ = {isa = PBXFileReference; lastKnownFileType = sourcecode.c.objc; path = HYPViewController.m; sourceTree = "<group>"; };
		447D07AC19B070EA002F6E7A /* Images.xcassets */ = {isa = PBXFileReference; lastKnownFileType = folder.assetcatalog; path = Images.xcassets; sourceTree = "<group>"; };
		447D07B219B070EA002F6E7A /* DemoTests.xctest */ = {isa = PBXFileReference; explicitFileType = wrapper.cfbundle; includeInIndex = 0; path = DemoTests.xctest; sourceTree = BUILT_PRODUCTS_DIR; };
		447D07B319B070EA002F6E7A /* XCTest.framework */ = {isa = PBXFileReference; lastKnownFileType = wrapper.framework; name = XCTest.framework; path = Library/Frameworks/XCTest.framework; sourceTree = DEVELOPER_DIR; };
		447D07BB19B070EA002F6E7A /* DemoTests-Info.plist */ = {isa = PBXFileReference; lastKnownFileType = text.plist.xml; path = "DemoTests-Info.plist"; sourceTree = "<group>"; };
		447D07BD19B070EA002F6E7A /* en */ = {isa = PBXFileReference; lastKnownFileType = text.plist.strings; name = en; path = en.lproj/InfoPlist.strings; sourceTree = "<group>"; };
		447D07BF19B070EA002F6E7A /* DemoTests.m */ = {isa = PBXFileReference; lastKnownFileType = sourcecode.c.objc; path = DemoTests.m; sourceTree = "<group>"; };
		447D07CA19B07104002F6E7A /* UIViewController+HYPContainer.h */ = {isa = PBXFileReference; fileEncoding = 4; lastKnownFileType = sourcecode.c.h; path = "UIViewController+HYPContainer.h"; sourceTree = "<group>"; };
		447D07CB19B07104002F6E7A /* UIViewController+HYPContainer.m */ = {isa = PBXFileReference; fileEncoding = 4; lastKnownFileType = sourcecode.c.objc; path = "UIViewController+HYPContainer.m"; sourceTree = "<group>"; };
/* End PBXFileReference section */

/* Begin PBXFrameworksBuildPhase section */
		447D078E19B070EA002F6E7A /* Frameworks */ = {
			isa = PBXFrameworksBuildPhase;
			buildActionMask = 2147483647;
			files = (
				447D079719B070EA002F6E7A /* CoreGraphics.framework in Frameworks */,
				447D079919B070EA002F6E7A /* UIKit.framework in Frameworks */,
				447D079519B070EA002F6E7A /* Foundation.framework in Frameworks */,
			);
			runOnlyForDeploymentPostprocessing = 0;
		};
		447D07AF19B070EA002F6E7A /* Frameworks */ = {
			isa = PBXFrameworksBuildPhase;
			buildActionMask = 2147483647;
			files = (
				447D07B419B070EA002F6E7A /* XCTest.framework in Frameworks */,
				447D07B619B070EA002F6E7A /* UIKit.framework in Frameworks */,
				447D07B519B070EA002F6E7A /* Foundation.framework in Frameworks */,
			);
			runOnlyForDeploymentPostprocessing = 0;
		};
/* End PBXFrameworksBuildPhase section */

/* Begin PBXGroup section */
		447D078819B070EA002F6E7A = {
			isa = PBXGroup;
			children = (
				447D07C919B07104002F6E7A /* UIViewController-HYPContainer */,
				447D079A19B070EA002F6E7A /* Demo */,
				447D07B919B070EA002F6E7A /* DemoTests */,
				447D079319B070EA002F6E7A /* Frameworks */,
				447D079219B070EA002F6E7A /* Products */,
			);
			sourceTree = "<group>";
		};
		447D079219B070EA002F6E7A /* Products */ = {
			isa = PBXGroup;
			children = (
				447D079119B070EA002F6E7A /* Demo.app */,
				447D07B219B070EA002F6E7A /* DemoTests.xctest */,
			);
			name = Products;
			sourceTree = "<group>";
		};
		447D079319B070EA002F6E7A /* Frameworks */ = {
			isa = PBXGroup;
			children = (
				447D079419B070EA002F6E7A /* Foundation.framework */,
				447D079619B070EA002F6E7A /* CoreGraphics.framework */,
				447D079819B070EA002F6E7A /* UIKit.framework */,
				447D07B319B070EA002F6E7A /* XCTest.framework */,
			);
			name = Frameworks;
			sourceTree = "<group>";
		};
		447D079A19B070EA002F6E7A /* Demo */ = {
			isa = PBXGroup;
			children = (
				447D07A319B070EA002F6E7A /* HYPAppDelegate.h */,
				447D07A419B070EA002F6E7A /* HYPAppDelegate.m */,
				447D07A619B070EA002F6E7A /* Main.storyboard */,
				447D07A919B070EA002F6E7A /* HYPViewController.h */,
				447D07AA19B070EA002F6E7A /* HYPViewController.m */,
				447D07AC19B070EA002F6E7A /* Images.xcassets */,
				447D079B19B070EA002F6E7A /* Supporting Files */,
			);
			path = Demo;
			sourceTree = "<group>";
		};
		447D079B19B070EA002F6E7A /* Supporting Files */ = {
			isa = PBXGroup;
			children = (
				447D079C19B070EA002F6E7A /* Demo-Info.plist */,
				447D079D19B070EA002F6E7A /* InfoPlist.strings */,
				447D07A019B070EA002F6E7A /* main.m */,
				447D07A219B070EA002F6E7A /* Demo-Prefix.pch */,
			);
			name = "Supporting Files";
			sourceTree = "<group>";
		};
		447D07B919B070EA002F6E7A /* DemoTests */ = {
			isa = PBXGroup;
			children = (
				447D07BF19B070EA002F6E7A /* DemoTests.m */,
				447D07BA19B070EA002F6E7A /* Supporting Files */,
			);
			path = DemoTests;
			sourceTree = "<group>";
		};
		447D07BA19B070EA002F6E7A /* Supporting Files */ = {
			isa = PBXGroup;
			children = (
				447D07BB19B070EA002F6E7A /* DemoTests-Info.plist */,
				447D07BC19B070EA002F6E7A /* InfoPlist.strings */,
			);
			name = "Supporting Files";
			sourceTree = "<group>";
		};
		447D07C919B07104002F6E7A /* UIViewController-HYPContainer */ = {
			isa = PBXGroup;
			children = (
				447D07CA19B07104002F6E7A /* UIViewController+HYPContainer.h */,
				447D07CB19B07104002F6E7A /* UIViewController+HYPContainer.m */,
			);
			name = "UIViewController-HYPContainer";
			path = "../UIViewController-HYPContainer";
			sourceTree = "<group>";
		};
/* End PBXGroup section */

/* Begin PBXNativeTarget section */
		447D079019B070EA002F6E7A /* Demo */ = {
			isa = PBXNativeTarget;
			buildConfigurationList = 447D07C319B070EA002F6E7A /* Build configuration list for PBXNativeTarget "Demo" */;
			buildPhases = (
				447D078D19B070EA002F6E7A /* Sources */,
				447D078E19B070EA002F6E7A /* Frameworks */,
				447D078F19B070EA002F6E7A /* Resources */,
			);
			buildRules = (
			);
			dependencies = (
			);
			name = Demo;
			productName = Demo;
			productReference = 447D079119B070EA002F6E7A /* Demo.app */;
			productType = "com.apple.product-type.application";
		};
		447D07B119B070EA002F6E7A /* DemoTests */ = {
			isa = PBXNativeTarget;
			buildConfigurationList = 447D07C619B070EA002F6E7A /* Build configuration list for PBXNativeTarget "DemoTests" */;
			buildPhases = (
				447D07AE19B070EA002F6E7A /* Sources */,
				447D07AF19B070EA002F6E7A /* Frameworks */,
				447D07B019B070EA002F6E7A /* Resources */,
			);
			buildRules = (
			);
			dependencies = (
				447D07B819B070EA002F6E7A /* PBXTargetDependency */,
			);
			name = DemoTests;
			productName = DemoTests;
			productReference = 447D07B219B070EA002F6E7A /* DemoTests.xctest */;
			productType = "com.apple.product-type.bundle.unit-test";
		};
/* End PBXNativeTarget section */

/* Begin PBXProject section */
		447D078919B070EA002F6E7A /* Project object */ = {
			isa = PBXProject;
			attributes = {
				CLASSPREFIX = HYP;
				LastUpgradeCheck = 0510;
				ORGANIZATIONNAME = Hyper;
				TargetAttributes = {
					447D07B119B070EA002F6E7A = {
						TestTargetID = 447D079019B070EA002F6E7A;
					};
				};
			};
			buildConfigurationList = 447D078C19B070EA002F6E7A /* Build configuration list for PBXProject "Demo" */;
			compatibilityVersion = "Xcode 3.2";
			developmentRegion = English;
			hasScannedForEncodings = 0;
			knownRegions = (
				en,
				Base,
			);
			mainGroup = 447D078819B070EA002F6E7A;
			productRefGroup = 447D079219B070EA002F6E7A /* Products */;
			projectDirPath = "";
			projectRoot = "";
			targets = (
				447D079019B070EA002F6E7A /* Demo */,
				447D07B119B070EA002F6E7A /* DemoTests */,
			);
		};
/* End PBXProject section */

/* Begin PBXResourcesBuildPhase section */
		447D078F19B070EA002F6E7A /* Resources */ = {
			isa = PBXResourcesBuildPhase;
			buildActionMask = 2147483647;
			files = (
				447D07AD19B070EA002F6E7A /* Images.xcassets in Resources */,
				447D079F19B070EA002F6E7A /* InfoPlist.strings in Resources */,
				447D07A819B070EA002F6E7A /* Main.storyboard in Resources */,
			);
			runOnlyForDeploymentPostprocessing = 0;
		};
		447D07B019B070EA002F6E7A /* Resources */ = {
			isa = PBXResourcesBuildPhase;
			buildActionMask = 2147483647;
			files = (
				447D07BE19B070EA002F6E7A /* InfoPlist.strings in Resources */,
			);
			runOnlyForDeploymentPostprocessing = 0;
		};
/* End PBXResourcesBuildPhase section */

/* Begin PBXSourcesBuildPhase section */
		447D078D19B070EA002F6E7A /* Sources */ = {
			isa = PBXSourcesBuildPhase;
			buildActionMask = 2147483647;
			files = (
				447D07AB19B070EA002F6E7A /* HYPViewController.m in Sources */,
				447D07A519B070EA002F6E7A /* HYPAppDelegate.m in Sources */,
				447D07CC19B07104002F6E7A /* UIViewController+HYPContainer.m in Sources */,
				447D07A119B070EA002F6E7A /* main.m in Sources */,
			);
			runOnlyForDeploymentPostprocessing = 0;
		};
		447D07AE19B070EA002F6E7A /* Sources */ = {
			isa = PBXSourcesBuildPhase;
			buildActionMask = 2147483647;
			files = (
				447D07C019B070EA002F6E7A /* DemoTests.m in Sources */,
			);
			runOnlyForDeploymentPostprocessing = 0;
		};
/* End PBXSourcesBuildPhase section */

/* Begin PBXTargetDependency section */
		447D07B819B070EA002F6E7A /* PBXTargetDependency */ = {
			isa = PBXTargetDependency;
			target = 447D079019B070EA002F6E7A /* Demo */;
			targetProxy = 447D07B719B070EA002F6E7A /* PBXContainerItemProxy */;
		};
/* End PBXTargetDependency section */

/* Begin PBXVariantGroup section */
		447D079D19B070EA002F6E7A /* InfoPlist.strings */ = {
			isa = PBXVariantGroup;
			children = (
				447D079E19B070EA002F6E7A /* en */,
			);
			name = InfoPlist.strings;
			sourceTree = "<group>";
		};
		447D07A619B070EA002F6E7A /* Main.storyboard */ = {
			isa = PBXVariantGroup;
			children = (
				447D07A719B070EA002F6E7A /* Base */,
			);
			name = Main.storyboard;
			sourceTree = "<group>";
		};
		447D07BC19B070EA002F6E7A /* InfoPlist.strings */ = {
			isa = PBXVariantGroup;
			children = (
				447D07BD19B070EA002F6E7A /* en */,
			);
			name = InfoPlist.strings;
			sourceTree = "<group>";
		};
/* End PBXVariantGroup section */

/* Begin XCBuildConfiguration section */
		447D07C119B070EA002F6E7A /* Debug */ = {
			isa = XCBuildConfiguration;
			buildSettings = {
				ALWAYS_SEARCH_USER_PATHS = NO;
				CLANG_CXX_LANGUAGE_STANDARD = "gnu++0x";
				CLANG_CXX_LIBRARY = "libc++";
				CLANG_ENABLE_MODULES = YES;
				CLANG_ENABLE_OBJC_ARC = YES;
				CLANG_WARN_BOOL_CONVERSION = YES;
				CLANG_WARN_CONSTANT_CONVERSION = YES;
				CLANG_WARN_DIRECT_OBJC_ISA_USAGE = YES_ERROR;
				CLANG_WARN_EMPTY_BODY = YES;
				CLANG_WARN_ENUM_CONVERSION = YES;
				CLANG_WARN_INT_CONVERSION = YES;
				CLANG_WARN_OBJC_ROOT_CLASS = YES_ERROR;
				CLANG_WARN__DUPLICATE_METHOD_MATCH = YES;
				"CODE_SIGN_IDENTITY[sdk=iphoneos*]" = "iPhone Developer";
				COPY_PHASE_STRIP = NO;
				GCC_C_LANGUAGE_STANDARD = gnu99;
				GCC_DYNAMIC_NO_PIC = NO;
				GCC_OPTIMIZATION_LEVEL = 0;
				GCC_PREPROCESSOR_DEFINITIONS = (
					"DEBUG=1",
					"$(inherited)",
				);
				GCC_SYMBOLS_PRIVATE_EXTERN = NO;
				GCC_WARN_64_TO_32_BIT_CONVERSION = YES;
				GCC_WARN_ABOUT_RETURN_TYPE = YES_ERROR;
				GCC_WARN_UNDECLARED_SELECTOR = YES;
				GCC_WARN_UNINITIALIZED_AUTOS = YES_AGGRESSIVE;
				GCC_WARN_UNUSED_FUNCTION = YES;
				GCC_WARN_UNUSED_VARIABLE = YES;
				IPHONEOS_DEPLOYMENT_TARGET = 7.1;
				ONLY_ACTIVE_ARCH = YES;
				SDKROOT = iphoneos;
			};
			name = Debug;
		};
		447D07C219B070EA002F6E7A /* Release */ = {
			isa = XCBuildConfiguration;
			buildSettings = {
				ALWAYS_SEARCH_USER_PATHS = NO;
				CLANG_CXX_LANGUAGE_STANDARD = "gnu++0x";
				CLANG_CXX_LIBRARY = "libc++";
				CLANG_ENABLE_MODULES = YES;
				CLANG_ENABLE_OBJC_ARC = YES;
				CLANG_WARN_BOOL_CONVERSION = YES;
				CLANG_WARN_CONSTANT_CONVERSION = YES;
				CLANG_WARN_DIRECT_OBJC_ISA_USAGE = YES_ERROR;
				CLANG_WARN_EMPTY_BODY = YES;
				CLANG_WARN_ENUM_CONVERSION = YES;
				CLANG_WARN_INT_CONVERSION = YES;
				CLANG_WARN_OBJC_ROOT_CLASS = YES_ERROR;
				CLANG_WARN__DUPLICATE_METHOD_MATCH = YES;
				"CODE_SIGN_IDENTITY[sdk=iphoneos*]" = "iPhone Developer";
				COPY_PHASE_STRIP = YES;
				ENABLE_NS_ASSERTIONS = NO;
				GCC_C_LANGUAGE_STANDARD = gnu99;
				GCC_WARN_64_TO_32_BIT_CONVERSION = YES;
				GCC_WARN_ABOUT_RETURN_TYPE = YES_ERROR;
				GCC_WARN_UNDECLARED_SELECTOR = YES;
				GCC_WARN_UNINITIALIZED_AUTOS = YES_AGGRESSIVE;
				GCC_WARN_UNUSED_FUNCTION = YES;
				GCC_WARN_UNUSED_VARIABLE = YES;
				IPHONEOS_DEPLOYMENT_TARGET = 7.1;
				SDKROOT = iphoneos;
				VALIDATE_PRODUCT = YES;
			};
			name = Release;
		};
		447D07C419B070EA002F6E7A /* Debug */ = {
			isa = XCBuildConfiguration;
			buildSettings = {
				ASSETCATALOG_COMPILER_APPICON_NAME = AppIcon;
				ASSETCATALOG_COMPILER_LAUNCHIMAGE_NAME = LaunchImage;
				GCC_PRECOMPILE_PREFIX_HEADER = YES;
				GCC_PREFIX_HEADER = "Demo/Demo-Prefix.pch";
				INFOPLIST_FILE = "Demo/Demo-Info.plist";
				PRODUCT_NAME = "$(TARGET_NAME)";
				WRAPPER_EXTENSION = app;
			};
			name = Debug;
		};
		447D07C519B070EA002F6E7A /* Release */ = {
			isa = XCBuildConfiguration;
			buildSettings = {
				ASSETCATALOG_COMPILER_APPICON_NAME = AppIcon;
				ASSETCATALOG_COMPILER_LAUNCHIMAGE_NAME = LaunchImage;
				GCC_PRECOMPILE_PREFIX_HEADER = YES;
				GCC_PREFIX_HEADER = "Demo/Demo-Prefix.pch";
				INFOPLIST_FILE = "Demo/Demo-Info.plist";
				PRODUCT_NAME = "$(TARGET_NAME)";
				WRAPPER_EXTENSION = app;
			};
			name = Release;
		};
		447D07C719B070EA002F6E7A /* Debug */ = {
			isa = XCBuildConfiguration;
			buildSettings = {
				BUNDLE_LOADER = "$(BUILT_PRODUCTS_DIR)/Demo.app/Demo";
				FRAMEWORK_SEARCH_PATHS = (
					"$(SDKROOT)/Developer/Library/Frameworks",
					"$(inherited)",
					"$(DEVELOPER_FRAMEWORKS_DIR)",
				);
				GCC_PRECOMPILE_PREFIX_HEADER = YES;
				GCC_PREFIX_HEADER = "Demo/Demo-Prefix.pch";
				GCC_PREPROCESSOR_DEFINITIONS = (
					"DEBUG=1",
					"$(inherited)",
				);
				INFOPLIST_FILE = "DemoTests/DemoTests-Info.plist";
				PRODUCT_NAME = "$(TARGET_NAME)";
				TEST_HOST = "$(BUNDLE_LOADER)";
				WRAPPER_EXTENSION = xctest;
			};
			name = Debug;
		};
		447D07C819B070EA002F6E7A /* Release */ = {
			isa = XCBuildConfiguration;
			buildSettings = {
				BUNDLE_LOADER = "$(BUILT_PRODUCTS_DIR)/Demo.app/Demo";
				FRAMEWORK_SEARCH_PATHS = (
					"$(SDKROOT)/Developer/Library/Frameworks",
					"$(inherited)",
					"$(DEVELOPER_FRAMEWORKS_DIR)",
				);
				GCC_PRECOMPILE_PREFIX_HEADER = YES;
				GCC_PREFIX_HEADER = "Demo/Demo-Prefix.pch";
				INFOPLIST_FILE = "DemoTests/DemoTests-Info.plist";
				PRODUCT_NAME = "$(TARGET_NAME)";
				TEST_HOST = "$(BUNDLE_LOADER)";
				WRAPPER_EXTENSION = xctest;
			};
			name = Release;
		};
/* End XCBuildConfiguration section */

/* Begin XCConfigurationList section */
		447D078C19B070EA002F6E7A /* Build configuration list for PBXProject "Demo" */ = {
			isa = XCConfigurationList;
			buildConfigurations = (
				447D07C119B070EA002F6E7A /* Debug */,
				447D07C219B070EA002F6E7A /* Release */,
			);
			defaultConfigurationIsVisible = 0;
			defaultConfigurationName = Release;
		};
		447D07C319B070EA002F6E7A /* Build configuration list for PBXNativeTarget "Demo" */ = {
			isa = XCConfigurationList;
			buildConfigurations = (
				447D07C419B070EA002F6E7A /* Debug */,
				447D07C519B070EA002F6E7A /* Release */,
			);
			defaultConfigurationIsVisible = 0;
		};
		447D07C619B070EA002F6E7A /* Build configuration list for PBXNativeTarget "DemoTests" */ = {
			isa = XCConfigurationList;
			buildConfigurations = (
				447D07C719B070EA002F6E7A /* Debug */,
				447D07C819B070EA002F6E7A /* Release */,
			);
			defaultConfigurationIsVisible = 0;
		};
/* End XCConfigurationList section */
	};
	rootObject = 447D078919B070EA002F6E7A /* Project object */;
}
